
Microsoft Visual Studio Solution File, Format Version 11.00
# Visual Studio 2010
Project("{FAE04EC0-301F-11D3-BF4B-00C04F79EFBC}") = "UsingCastlesWcfFacility", "UsingCastlesWcfFacility.csproj", "{29373768-E7A4-4C8B-A036-2ACC08F9FA63}"
EndProject
Global
	GlobalSection(SolutionConfigurationPlatforms) = preSolution
		Debug|Any CPU = Debug|Any CPU
		Release|Any CPU = Release|Any CPU
	EndGlobalSection
	GlobalSection(ProjectConfigurationPlatforms) = postSolution
		{29373768-E7A4-4C8B-A036-2ACC08F9FA63}.Debug|Any CPU.ActiveCfg = Debug|Any CPU
		{29373768-E7A4-4C8B-A036-2ACC08F9FA63}.Debug|Any CPU.Build.0 = Debug|Any CPU
		{29373768-E7A4-4C8B-A036-2ACC08F9FA63}.Release|Any CPU.ActiveCfg = Release|Any CPU
		{29373768-E7A4-4C8B-A036-2ACC08F9FA63}.Release|Any CPU.Build.0 = Release|Any CPU
	EndGlobalSection
	GlobalSection(SolutionProperties) = preSolution
		HideSolutionNode = FALSE
	EndGlobalSection
EndGlobal
